
Microsoft Visual Studio Solution File, Format Version 12.00
# Visual Studio Version 16
VisualStudioVersion = 16.0.28917.182
MinimumVisualStudioVersion = 10.0.40219.1
Project("{9A19103F-16F7-4668-BE54-9A1E7A4F7556}") = "UserManagement.WebAPI", "UserManagement.WebAPI\UserManagement.WebAPI.csproj", "{47D3FCD1-14F7-4474-BC00-3CB627327C6F}"
EndProject
Project("{9A19103F-16F7-4668-BE54-9A1E7A4F7556}") = "Entities", "Entities\Entities.csproj", "{5B879AB7-7667-4E3E-8C02-E85AA6F94525}"
EndProject
Project("{9A19103F-16F7-4668-BE54-9A1E7A4F7556}") = "Contracts", "Contracts\Contracts.csproj", "{053C3C9D-1413-4612-A01A-EBD5462CD97F}"
EndProject
Project("{9A19103F-16F7-4668-BE54-9A1E7A4F7556}") = "LoggerService", "LoggerService\LoggerService.csproj", "{CE8DB228-3BF1-416F-A08A-0B653F126495}"
EndProject
Project("{9A19103F-16F7-4668-BE54-9A1E7A4F7556}") = "Repository", "Repository\Repository.csproj", "{48B1D681-34B8-4D66-AE59-E64D9691FCB5}"
EndProject
Project("{9A19103F-16F7-4668-BE54-9A1E7A4F7556}") = "Tests", "Tests\Tests.csproj", "{AE643852-23E1-4FFE-B79F-123090F370A2}"
EndProject
Project("{9A19103F-16F7-4668-BE54-9A1E7A4F7556}") = "Constants", "Constants\Constants.csproj", "{A2022A1A-1B14-4B81-AB86-F7D01E4161D3}"
EndProject
Project("{FAE04EC0-301F-11D3-BF4B-00C04F79EFBC}") = "ApiModels", "ApiModels\ApiModels.csproj", "{C0088F78-980C-435F-B578-F0DF68AA30D8}"
EndProject
Global
	GlobalSection(SolutionConfigurationPlatforms) = preSolution
		Debug|Any CPU = Debug|Any CPU
		Release|Any CPU = Release|Any CPU
	EndGlobalSection
	GlobalSection(ProjectConfigurationPlatforms) = postSolution
		{47D3FCD1-14F7-4474-BC00-3CB627327C6F}.Debug|Any CPU.ActiveCfg = Debug|Any CPU
		{47D3FCD1-14F7-4474-BC00-3CB627327C6F}.Debug|Any CPU.Build.0 = Debug|Any CPU
		{47D3FCD1-14F7-4474-BC00-3CB627327C6F}.Release|Any CPU.ActiveCfg = Release|Any CPU
		{47D3FCD1-14F7-4474-BC00-3CB627327C6F}.Release|Any CPU.Build.0 = Release|Any CPU
		{5B879AB7-7667-4E3E-8C02-E85AA6F94525}.Debug|Any CPU.ActiveCfg = Debug|Any CPU
		{5B879AB7-7667-4E3E-8C02-E85AA6F94525}.Debug|Any CPU.Build.0 = Debug|Any CPU
		{5B879AB7-7667-4E3E-8C02-E85AA6F94525}.Release|Any CPU.ActiveCfg = Release|Any CPU
		{5B879AB7-7667-4E3E-8C02-E85AA6F94525}.Release|Any CPU.Build.0 = Release|Any CPU
		{053C3C9D-1413-4612-A01A-EBD5462CD97F}.Debug|Any CPU.ActiveCfg = Debug|Any CPU
		{053C3C9D-1413-4612-A01A-EBD5462CD97F}.Debug|Any CPU.Build.0 = Debug|Any CPU
		{053C3C9D-1413-4612-A01A-EBD5462CD97F}.Release|Any CPU.ActiveCfg = Release|Any CPU
		{053C3C9D-1413-4612-A01A-EBD5462CD97F}.Release|Any CPU.Build.0 = Release|Any CPU
		{CE8DB228-3BF1-416F-A08A-0B653F126495}.Debug|Any CPU.ActiveCfg = Debug|Any CPU
		{CE8DB228-3BF1-416F-A08A-0B653F126495}.Debug|Any CPU.Build.0 = Debug|Any CPU
		{CE8DB228-3BF1-416F-A08A-0B653F126495}.Release|Any CPU.ActiveCfg = Release|Any CPU
		{CE8DB228-3BF1-416F-A08A-0B653F126495}.Release|Any CPU.Build.0 = Release|Any CPU
		{48B1D681-34B8-4D66-AE59-E64D9691FCB5}.Debug|Any CPU.ActiveCfg = Debug|Any CPU
		{48B1D681-34B8-4D66-AE59-E64D9691FCB5}.Debug|Any CPU.Build.0 = Debug|Any CPU
		{48B1D681-34B8-4D66-AE59-E64D9691FCB5}.Release|Any CPU.ActiveCfg = Release|Any CPU
		{48B1D681-34B8-4D66-AE59-E64D9691FCB5}.Release|Any CPU.Build.0 = Release|Any CPU
		{AE643852-23E1-4FFE-B79F-123090F370A2}.Debug|Any CPU.ActiveCfg = Debug|Any CPU
		{AE643852-23E1-4FFE-B79F-123090F370A2}.Debug|Any CPU.Build.0 = Debug|Any CPU
		{AE643852-23E1-4FFE-B79F-123090F370A2}.Release|Any CPU.ActiveCfg = Release|Any CPU
		{AE643852-23E1-4FFE-B79F-123090F370A2}.Release|Any CPU.Build.0 = Release|Any CPU
		{A2022A1A-1B14-4B81-AB86-F7D01E4161D3}.Debug|Any CPU.ActiveCfg = Debug|Any CPU
		{A2022A1A-1B14-4B81-AB86-F7D01E4161D3}.Debug|Any CPU.Build.0 = Debug|Any CPU
		{A2022A1A-1B14-4B81-AB86-F7D01E4161D3}.Release|Any CPU.ActiveCfg = Release|Any CPU
		{A2022A1A-1B14-4B81-AB86-F7D01E4161D3}.Release|Any CPU.Build.0 = Release|Any CPU
		{C0088F78-980C-435F-B578-F0DF68AA30D8}.Debug|Any CPU.ActiveCfg = Debug|Any CPU
		{C0088F78-980C-435F-B578-F0DF68AA30D8}.Debug|Any CPU.Build.0 = Debug|Any CPU
		{C0088F78-980C-435F-B578-F0DF68AA30D8}.Release|Any CPU.ActiveCfg = Release|Any CPU
		{C0088F78-980C-435F-B578-F0DF68AA30D8}.Release|Any CPU.Build.0 = Release|Any CPU
	EndGlobalSection
	GlobalSection(SolutionProperties) = preSolution
		HideSolutionNode = FALSE
	EndGlobalSection
	GlobalSection(ExtensibilityGlobals) = postSolution
		SolutionGuid = {0D9B6477-F31E-4FD4-AF9A-2D42CBFAC195}
	EndGlobalSection
EndGlobal
